Microsoft Visual Studio Solution File, Format Version 12.00
# Visual Studio Version 17
VisualStudioVersion = 17.5.2.0
MinimumVisualStudioVersion = 10.0.40219.1
Project("{2150E333-8FDC-42A3-9474-1A3956D46DE8}") = "day2", "day2", "{0F7079F7-E55D-ED73-0375-19BFE3B19470}"
EndProject
Project("{2150E333-8FDC-42A3-9474-1A3956D46DE8}") = "day1", "day1", "{A80DBF83-DCD5-128A-3B07-83B9CCE4E82C}"
EndProject
Project("{FAE04EC0-301F-11D3-BF4B-00C04F79EFBC}") = "encapsulationAndAccessModifier", "day2\encapsulationAndAccessModifier\encapsulationAndAccessModifier.csproj", "{8844F4E6-71A6-0B16-6C61-1C47A968CD4B}"
EndProject
Project("{FAE04EC0-301F-11D3-BF4B-00C04F79EFBC}") = "basics", "day1\basics\basics.csproj", "{63711D22-85BF-6825-27E1-3206C9C02B7C}"
EndProject
Global
	GlobalSection(SolutionConfigurationPlatforms) = preSolution
		Debug|Any CPU = Debug|Any CPU
		Release|Any CPU = Release|Any CPU
	EndGlobalSection
	GlobalSection(ProjectConfigurationPlatforms) = postSolution
		{8844F4E6-71A6-0B16-6C61-1C47A968CD4B}.Debug|Any CPU.ActiveCfg = Debug|Any CPU
		{8844F4E6-71A6-0B16-6C61-1C47A968CD4B}.Debug|Any CPU.Build.0 = Debug|Any CPU
		{8844F4E6-71A6-0B16-6C61-1C47A968CD4B}.Release|Any CPU.ActiveCfg = Release|Any CPU
		{8844F4E6-71A6-0B16-6C61-1C47A968CD4B}.Release|Any CPU.Build.0 = Release|Any CPU
		{63711D22-85BF-6825-27E1-3206C9C02B7C}.Debug|Any CPU.ActiveCfg = Debug|Any CPU
		{63711D22-85BF-6825-27E1-3206C9C02B7C}.Debug|Any CPU.Build.0 = Debug|Any CPU
		{63711D22-85BF-6825-27E1-3206C9C02B7C}.Release|Any CPU.ActiveCfg = Release|Any CPU
		{63711D22-85BF-6825-27E1-3206C9C02B7C}.Release|Any CPU.Build.0 = Release|Any CPU
	EndGlobalSection
	GlobalSection(SolutionProperties) = preSolution
		HideSolutionNode = FALSE
	EndGlobalSection
	GlobalSection(NestedProjects) = preSolution
		{8844F4E6-71A6-0B16-6C61-1C47A968CD4B} = {0F7079F7-E55D-ED73-0375-19BFE3B19470}
		{63711D22-85BF-6825-27E1-3206C9C02B7C} = {A80DBF83-DCD5-128A-3B07-83B9CCE4E82C}
	EndGlobalSection
	GlobalSection(ExtensibilityGlobals) = postSolution
		SolutionGuid = {1E09846B-AFFD-4230-8E26-6D4C525990A1}
	EndGlobalSection
EndGlobal
